// !$*UTF8*$!
{
	archiveVersion = 1;
	classes = {
	};
	objectVersion = 46;
	objects = {

/* Begin PBXBuildFile section */
		4AA9293C17DD87B800932E4A /* UIKit.framework in Frameworks */ = {isa = PBXBuildFile; fileRef = 4AA9293B17DD87B800932E4A /* UIKit.framework */; };
		4AA9293E17DD87B800932E4A /* Foundation.framework in Frameworks */ = {isa = PBXBuildFile; fileRef = 4AA9293D17DD87B800932E4A /* Foundation.framework */; };
		4AA9294017DD87B800932E4A /* CoreGraphics.framework in Frameworks */ = {isa = PBXBuildFile; fileRef = 4AA9293F17DD87B800932E4A /* CoreGraphics.framework */; };
		4AA9294617DD87B800932E4A /* InfoPlist.strings in Resources */ = {isa = PBXBuildFile; fileRef = 4AA9294417DD87B800932E4A /* InfoPlist.strings */; };
		4AA9294817DD87B800932E4A /* main.m in Sources */ = {isa = PBXBuildFile; fileRef = 4AA9294717DD87B800932E4A /* main.m */; };
		4AA9294C17DD87B800932E4A /* AppDelegate.m in Sources */ = {isa = PBXBuildFile; fileRef = 4AA9294B17DD87B800932E4A /* AppDelegate.m */; };
		4AA9294E17DD87B800932E4A /* Default.png in Resources */ = {isa = PBXBuildFile; fileRef = 4AA9294D17DD87B800932E4A /* Default.png */; };
		4AA9295017DD87B800932E4A /* Default@2x.png in Resources */ = {isa = PBXBuildFile; fileRef = 4AA9294F17DD87B800932E4A /* Default@2x.png */; };
		4AA9295217DD87B800932E4A /* Default-568h@2x.png in Resources */ = {isa = PBXBuildFile; fileRef = 4AA9295117DD87B800932E4A /* Default-568h@2x.png */; };
		4AA9295517DD87B800932E4A /* ViewController.m in Sources */ = {isa = PBXBuildFile; fileRef = 4AA9295417DD87B800932E4A /* ViewController.m */; };
		4AA9295817DD87B800932E4A /* ViewController.xib in Resources */ = {isa = PBXBuildFile; fileRef = 4AA9295617DD87B800932E4A /* ViewController.xib */; };
/* End PBXBuildFile section */

/* Begin PBXFileReference section */
		4AA9293817DD87B800932E4A /* Autolayout.app */ = {isa = PBXFileReference; explicitFileType = wrapper.application; includeInIndex = 0; path = Autolayout.app; sourceTree = BUILT_PRODUCTS_DIR; };
		4AA9293B17DD87B800932E4A /* UIKit.framework */ = {isa = PBXFileReference; lastKnownFileType = wrapper.framework; name = UIKit.framework; path = System/Library/Frameworks/UIKit.framework; sourceTree = SDKROOT; };
		4AA9293D17DD87B800932E4A /* Foundation.framework */ = {isa = PBXFileReference; lastKnownFileType = wrapper.framework; name = Foundation.framework; path = System/Library/Frameworks/Foundation.framework; sourceTree = SDKROOT; };
		4AA9293F17DD87B800932E4A /* CoreGraphics.framework */ = {isa = PBXFileReference; lastKnownFileType = wrapper.framework; name = CoreGraphics.framework; path = System/Library/Frameworks/CoreGraphics.framework; sourceTree = SDKROOT; };
		4AA9294317DD87B800932E4A /* Autolayout-Info.plist */ = {isa = PBXFileReference; lastKnownFileType = text.plist.xml; path = "Autolayout-Info.plist"; sourceTree = "<group>"; };
		4AA9294517DD87B800932E4A /* en */ = {isa = PBXFileReference; lastKnownFileType = text.plist.strings; name = en; path = en.lproj/InfoPlist.strings; sourceTree = "<group>"; };
		4AA9294717DD87B800932E4A /* main.m */ = {isa = PBXFileReference; lastKnownFileType = sourcecode.c.objc; path = main.m; sourceTree = "<group>"; };
		4AA9294917DD87B800932E4A /* Autolayout-Prefix.pch */ = {isa = PBXFileReference; lastKnownFileType = sourcecode.c.h; path = "Autolayout-Prefix.pch"; sourceTree = "<group>"; };
		4AA9294A17DD87B800932E4A /* AppDelegate.h */ = {isa = PBXFileReference; lastKnownFileType = sourcecode.c.h; path = AppDelegate.h; sourceTree = "<group>"; };
		4AA9294B17DD87B800932E4A /* AppDelegate.m */ = {isa = PBXFileReference; lastKnownFileType = sourcecode.c.objc; path = AppDelegate.m; sourceTree = "<group>"; };
		4AA9294D17DD87B800932E4A /* Default.png */ = {isa = PBXFileReference; lastKnownFileType = image.png; path = Default.png; sourceTree = "<group>"; };
		4AA9294F17DD87B800932E4A /* Default@2x.png */ = {isa = PBXFileReference; lastKnownFileType = image.png; path = "Default@2x.png"; sourceTree = "<group>"; };
		4AA9295117DD87B800932E4A /* Default-568h@2x.png */ = {isa = PBXFileReference; lastKnownFileType = image.png; path = "Default-568h@2x.png"; sourceTree = "<group>"; };
		4AA9295317DD87B800932E4A /* ViewController.h */ = {isa = PBXFileReference; lastKnownFileType = sourcecode.c.h; path = ViewController.h; sourceTree = "<group>"; };
		4AA9295417DD87B800932E4A /* ViewController.m */ = {isa = PBXFileReference; lastKnownFileType = sourcecode.c.objc; path = ViewController.m; sourceTree = "<group>"; };
		4AA9295717DD87B800932E4A /* en */ = {isa = PBXFileReference; lastKnownFileType = file.xib; name = en; path = en.lproj/ViewController.xib; sourceTree = "<group>"; };
/* End PBXFileReference section */

/* Begin PBXFrameworksBuildPhase section */
		4AA9293517DD87B800932E4A /* Frameworks */ = {
			isa = PBXFrameworksBuildPhase;
			buildActionMask = 2147483647;
			files = (
				4AA9293C17DD87B800932E4A /* UIKit.framework in Frameworks */,
				4AA9293E17DD87B800932E4A /* Foundation.framework in Frameworks */,
				4AA9294017DD87B800932E4A /* CoreGraphics.framework in Frameworks */,
			);
			runOnlyForDeploymentPostprocessing = 0;
		};
/* End PBXFrameworksBuildPhase section */

/* Begin PBXGroup section */
		4AA9292F17DD87B800932E4A = {
			isa = PBXGroup;
			children = (
				4AA9294117DD87B800932E4A /* Autolayout */,
				4AA9293A17DD87B800932E4A /* Frameworks */,
				4AA9293917DD87B800932E4A /* Products */,
			);
			sourceTree = "<group>";
		};
		4AA9293917DD87B800932E4A /* Products */ = {
			isa = PBXGroup;
			children = (
				4AA9293817DD87B800932E4A /* Autolayout.app */,
			);
			name = Products;
			sourceTree = "<group>";
		};
		4AA9293A17DD87B800932E4A /* Frameworks */ = {
			isa = PBXGroup;
			children = (
				4AA9293B17DD87B800932E4A /* UIKit.framework */,
				4AA9293D17DD87B800932E4A /* Foundation.framework */,
				4AA9293F17DD87B800932E4A /* CoreGraphics.framework */,
			);
			name = Frameworks;
			sourceTree = "<group>";
		};
		4AA9294117DD87B800932E4A /* Autolayout */ = {
			isa = PBXGroup;
			children = (
				4AA9294A17DD87B800932E4A /* AppDelegate.h */,
				4AA9294B17DD87B800932E4A /* AppDelegate.m */,
				4AA9295317DD87B800932E4A /* ViewController.h */,
				4AA9295417DD87B800932E4A /* ViewController.m */,
				4AA9295617DD87B800932E4A /* ViewController.xib */,
				4AA9294217DD87B800932E4A /* Supporting Files */,
			);
			path = Autolayout;
			sourceTree = "<group>";
		};
		4AA9294217DD87B800932E4A /* Supporting Files */ = {
			isa = PBXGroup;
			children = (
				4AA9294317DD87B800932E4A /* Autolayout-Info.plist */,
				4AA9294417DD87B800932E4A /* InfoPlist.strings */,
				4AA9294717DD87B800932E4A /* main.m */,
				4AA9294917DD87B800932E4A /* Autolayout-Prefix.pch */,
				4AA9294D17DD87B800932E4A /* Default.png */,
				4AA9294F17DD87B800932E4A /* Default@2x.png */,
				4AA9295117DD87B800932E4A /* Default-568h@2x.png */,
			);
			name = "Supporting Files";
			sourceTree = "<group>";
		};
/* End PBXGroup section */

/* Begin PBXNativeTarget section */
		4AA9293717DD87B800932E4A /* Autolayout */ = {
			isa = PBXNativeTarget;
			buildConfigurationList = 4AA9295B17DD87B800932E4A /* Build configuration list for PBXNativeTarget "Autolayout" */;
			buildPhases = (
				4AA9293417DD87B800932E4A /* Sources */,
				4AA9293517DD87B800932E4A /* Frameworks */,
				4AA9293617DD87B800932E4A /* Resources */,
			);
			buildRules = (
			);
			dependencies = (
			);
			name = Autolayout;
			productName = Autolayout;
			productReference = 4AA9293817DD87B800932E4A /* Autolayout.app */;
			productType = "com.apple.product-type.application";
		};
/* End PBXNativeTarget section */

/* Begin PBXProject section */
		4AA9293017DD87B800932E4A /* Project object */ = {
			isa = PBXProject;
			attributes = {
				LastUpgradeCheck = 0460;
				ORGANIZATIONNAME = "Kiwa Media";
			};
			buildConfigurationList = 4AA9293317DD87B800932E4A /* Build configuration list for PBXProject "Autolayout" */;
			compatibilityVersion = "Xcode 3.2";
			developmentRegion = English;
			hasScannedForEncodings = 0;
			knownRegions = (
				en,
			);
			mainGroup = 4AA9292F17DD87B800932E4A;
			productRefGroup = 4AA9293917DD87B800932E4A /* Products */;
			projectDirPath = "";
			projectRoot = "";
			targets = (
				4AA9293717DD87B800932E4A /* Autolayout */,
			);
		};
/* End PBXProject section */

/* Begin PBXResourcesBuildPhase section */
		4AA9293617DD87B800932E4A /* Resources */ = {
			isa = PBXResourcesBuildPhase;
			buildActionMask = 2147483647;
			files = (
				4AA9294617DD87B800932E4A /* InfoPlist.strings in Resources */,
				4AA9294E17DD87B800932E4A /* Default.png in Resources */,
				4AA9295017DD87B800932E4A /* Default@2x.png in Resources */,
				4AA9295217DD87B800932E4A /* Default-568h@2x.png in Resources */,
				4AA9295817DD87B800932E4A /* ViewController.xib in Resources */,
			);
			runOnlyForDeploymentPostprocessing = 0;
		};
/* End PBXResourcesBuildPhase section */

/* Begin PBXSourcesBuildPhase section */
		4AA9293417DD87B800932E4A /* Sources */ = {
			isa = PBXSourcesBuildPhase;
			buildActionMask = 2147483647;
			files = (
				4AA9294817DD87B800932E4A /* main.m in Sources */,
				4AA9294C17DD87B800932E4A /* AppDelegate.m in Sources */,
				4AA9295517DD87B800932E4A /* ViewController.m in Sources */,
			);
			runOnlyForDeploymentPostprocessing = 0;
		};
/* End PBXSourcesBuildPhase section */

/* Begin PBXVariantGroup section */
		4AA9294417DD87B800932E4A /* InfoPlist.strings */ = {
			isa = PBXVariantGroup;
			children = (
				4AA9294517DD87B800932E4A /* en */,
			);
			name = InfoPlist.strings;
			sourceTree = "<group>";
		};
		4AA9295617DD87B800932E4A /* ViewController.xib */ = {
			isa = PBXVariantGroup;
			children = (
				4AA9295717DD87B800932E4A /* en */,
			);
			name = ViewController.xib;
			sourceTree = "<group>";
		};
/* End PBXVariantGroup section */

/* Begin XCBuildConfiguration section */
		4AA9295917DD87B800932E4A /* Debug */ = {
			isa = XCBuildConfiguration;
			buildSettings = {
				ALWAYS_SEARCH_USER_PATHS = NO;
				CLANG_CXX_LANGUAGE_STANDARD = "gnu++0x";
				CLANG_CXX_LIBRARY = "libc++";
				CLANG_ENABLE_OBJC_ARC = YES;
				CLANG_WARN_CONSTANT_CONVERSION = YES;
				CLANG_WARN_EMPTY_BODY = YES;
				CLANG_WARN_ENUM_CONVERSION = YES;
				CLANG_WARN_INT_CONVERSION = YES;
				CLANG_WARN__DUPLICATE_METHOD_MATCH = YES;
				"CODE_SIGN_IDENTITY[sdk=iphoneos*]" = "iPhone Developer";
				COPY_PHASE_STRIP = NO;
				GCC_C_LANGUAGE_STANDARD = gnu99;
				GCC_DYNAMIC_NO_PIC = NO;
				GCC_OPTIMIZATION_LEVEL = 0;
				GCC_PREPROCESSOR_DEFINITIONS = (
					"DEBUG=1",
					"$(inherited)",
				);
				GCC_SYMBOLS_PRIVATE_EXTERN = NO;
				GCC_WARN_ABOUT_RETURN_TYPE = YES;
				GCC_WARN_UNINITIALIZED_AUTOS = YES;
				GCC_WARN_UNUSED_VARIABLE = YES;
				IPHONEOS_DEPLOYMENT_TARGET = 6.1;
				ONLY_ACTIVE_ARCH = YES;
				SDKROOT = iphoneos;
			};
			name = Debug;
		};
		4AA9295A17DD87B800932E4A /* Release */ = {
			isa = XCBuildConfiguration;
			buildSettings = {
				ALWAYS_SEARCH_USER_PATHS = NO;
				CLANG_CXX_LANGUAGE_STANDARD = "gnu++0x";
				CLANG_CXX_LIBRARY = "libc++";
				CLANG_ENABLE_OBJC_ARC = YES;
				CLANG_WARN_CONSTANT_CONVERSION = YES;
				CLANG_WARN_EMPTY_BODY = YES;
				CLANG_WARN_ENUM_CONVERSION = YES;
				CLANG_WARN_INT_CONVERSION = YES;
				CLANG_WARN__DUPLICATE_METHOD_MATCH = YES;
				"CODE_SIGN_IDENTITY[sdk=iphoneos*]" = "iPhone Developer";
				COPY_PHASE_STRIP = YES;
				GCC_C_LANGUAGE_STANDARD = gnu99;
				GCC_WARN_ABOUT_RETURN_TYPE = YES;
				GCC_WARN_UNINITIALIZED_AUTOS = YES;
				GCC_WARN_UNUSED_VARIABLE = YES;
				IPHONEOS_DEPLOYMENT_TARGET = 6.1;
				OTHER_CFLAGS = "-DNS_BLOCK_ASSERTIONS=1";
				SDKROOT = iphoneos;
				VALIDATE_PRODUCT = YES;
			};
			name = Release;
		};
		4AA9295C17DD87B800932E4A /* Debug */ = {
			isa = XCBuildConfiguration;
			buildSettings = {
				GCC_PRECOMPILE_PREFIX_HEADER = YES;
				GCC_PREFIX_HEADER = "Autolayout/Autolayout-Prefix.pch";
				INFOPLIST_FILE = "Autolayout/Autolayout-Info.plist";
				PRODUCT_NAME = "$(TARGET_NAME)";
				WRAPPER_EXTENSION = app;
			};
			name = Debug;
		};
		4AA9295D17DD87B800932E4A /* Release */ = {
			isa = XCBuildConfiguration;
			buildSettings = {
				GCC_PRECOMPILE_PREFIX_HEADER = YES;
				GCC_PREFIX_HEADER = "Autolayout/Autolayout-Prefix.pch";
				INFOPLIST_FILE = "Autolayout/Autolayout-Info.plist";
				PRODUCT_NAME = "$(TARGET_NAME)";
				WRAPPER_EXTENSION = app;
			};
			name = Release;
		};
/* End XCBuildConfiguration section */

/* Begin XCConfigurationList section */
		4AA9293317DD87B800932E4A /* Build configuration list for PBXProject "Autolayout" */ = {
			isa = XCConfigurationList;
			buildConfigurations = (
				4AA9295917DD87B800932E4A /* Debug */,
				4AA9295A17DD87B800932E4A /* Release */,
			);
			defaultConfigurationIsVisible = 0;
			defaultConfigurationName = Release;
		};
		4AA9295B17DD87B800932E4A /* Build configuration list for PBXNativeTarget "Autolayout" */ = {
			isa = XCConfigurationList;
			buildConfigurations = (
				4AA9295C17DD87B800932E4A /* Debug */,
				4AA9295D17DD87B800932E4A /* Release */,
			);
			defaultConfigurationIsVisible = 0;
		};
/* End XCConfigurationList section */
	};
	rootObject = 4AA9293017DD87B800932E4A /* Project object */;
}
